
Microsoft Visual Studio Solution File, Format Version 12.00
# Visual Studio Version 17
VisualStudioVersion = 17.2.32602.215
MinimumVisualStudioVersion = 10.0.40219.1
Project("{FAE04EC0-301F-11D3-BF4B-00C04F79EFBC}") = "Menor", "Menor\Menor.csproj", "{58541D6A-75CA-49BC-909E-096D5382F385}"
EndProject
Global
	GlobalSection(SolutionConfigurationPlatforms) = preSolution
		Debug|Any CPU = Debug|Any CPU
		Release|Any CPU = Release|Any CPU
	EndGlobalSection
	GlobalSection(ProjectConfigurationPlatforms) = postSolution
		{58541D6A-75CA-49BC-909E-096D5382F385}.Debug|Any CPU.ActiveCfg = Debug|Any CPU
		{58541D6A-75CA-49BC-909E-096D5382F385}.Debug|Any CPU.Build.0 = Debug|Any CPU
		{58541D6A-75CA-49BC-909E-096D5382F385}.Release|Any CPU.ActiveCfg = Release|Any CPU
		{58541D6A-75CA-49BC-909E-096D5382F385}.Release|Any CPU.Build.0 = Release|Any CPU
	EndGlobalSection
	GlobalSection(SolutionProperties) = preSolution
		HideSolutionNode = FALSE
	EndGlobalSection
	GlobalSection(ExtensibilityGlobals) = postSolution
		SolutionGuid = {5C3258F5-2D4F-4EEE-A9E1-44649F5916BC}
	EndGlobalSection
EndGlobal
